
Microsoft Visual Studio Solution File, Format Version 12.00
Project("{FAE04EC0-301F-11D3-BF4B-00C04F79EFBC}") = "Clinic", "Clinic.csproj", "{1AF755F2-D15D-4BDE-AD11-0B1A432D3D52}"
EndProject
Global
	GlobalSection(SolutionConfigurationPlatforms) = preSolution
		Debug|Any CPU = Debug|Any CPU
		Release|Any CPU = Release|Any CPU
	EndGlobalSection
	GlobalSection(ProjectConfigurationPlatforms) = postSolution
		{1AF755F2-D15D-4BDE-AD11-0B1A432D3D52}.Debug|Any CPU.ActiveCfg = Debug|Any CPU
		{1AF755F2-D15D-4BDE-AD11-0B1A432D3D52}.Debug|Any CPU.Build.0 = Debug|Any CPU
		{1AF755F2-D15D-4BDE-AD11-0B1A432D3D52}.Release|Any CPU.ActiveCfg = Release|Any CPU
		{1AF755F2-D15D-4BDE-AD11-0B1A432D3D52}.Release|Any CPU.Build.0 = Release|Any CPU
	EndGlobalSection
EndGlobal
